{
    "_readme": [
        "This file locks the dependencies of your project to a known state",
        "Read more about it at https://getcomposer.org/doc/01-basic-usage.md#composer-lock-the-lock-file",
        "This file is @generated automatically"
    ],
    "content-hash": "00e037793cfbb833c617dd9a71d83b1d",
    "packages": [
        {
            "name": "itbz/fpdf",
            "version": "1.7.3",
            "source": {
                "type": "git",
                "url": "https://github.com/mreg-archive/fpdf.git",
                "reference": "63340096907ef7525a9002d1ae3d0fd1ff376a6d"
            },
            "dist": {
                "type": "zip",
                "url": "https://api.github.com/repos/mreg-archive/fpdf/zipball/63340096907ef7525a9002d1ae3d0fd1ff376a6d",
                "reference": "63340096907ef7525a9002d1ae3d0fd1ff376a6d",
                "shasum": ""
            },
            "require": {
                "php": ">=5.3.0"
            },
            "type": "library",
            "autoload": {
                "psr-0": {
                    "fpdf": "src/"
                }
            },
            "notification-url": "https://packagist.org/downloads/",
            "license": [
                "no usage restriction"
            ],
            "description": "Unofficial PSR-0 compliant version of the FPDF library",
            "homepage": "http://www.fpdf.org/",
            "abandoned": "setasign/fpdf",
            "time": "2016-05-27T09:02:54+00:00"
        }
    ],
    "packages-dev": [],
    "aliases": [],
    "minimum-stability": "stable",
    "stability-flags": [],
    "prefer-stable": false,
    "prefer-lowest": false,
    "platform": [],
    "platform-dev": []
}
